
Microsoft Visual Studio Solution File, Format Version 12.00
# Visual Studio Version 16
VisualStudioVersion = 16.0.30413.136
MinimumVisualStudioVersion = 10.0.40219.1
Project("{FAE04EC0-301F-11D3-BF4B-00C04F79EFBC}") = "YurtKayitSistemi", "YurtKayitSistemi\YurtKayitSistemi.csproj", "{9F34BA02-533D-489C-920F-D07485256F22}"
EndProject
Project("{54435603-DBB4-11D2-8724-00A0C9A8B90C}") = "Ogrenci Yurt Otomasyonu Setup", "YurtKayitSistemi\Ogrenci Yurt Otomasyonu Setup.vdproj", "{EB4F97D2-9B12-49CC-9D21-26B4959B8B00}"
EndProject
Global
	GlobalSection(SolutionConfigurationPlatforms) = preSolution
		Debug|Any CPU = Debug|Any CPU
		Release|Any CPU = Release|Any CPU
	EndGlobalSection
	GlobalSection(ProjectConfigurationPlatforms) = postSolution
		{9F34BA02-533D-489C-920F-D07485256F22}.Debug|Any CPU.ActiveCfg = Debug|Any CPU
		{9F34BA02-533D-489C-920F-D07485256F22}.Debug|Any CPU.Build.0 = Debug|Any CPU
		{9F34BA02-533D-489C-920F-D07485256F22}.Release|Any CPU.ActiveCfg = Release|Any CPU
		{9F34BA02-533D-489C-920F-D07485256F22}.Release|Any CPU.Build.0 = Release|Any CPU
		{EB4F97D2-9B12-49CC-9D21-26B4959B8B00}.Debug|Any CPU.ActiveCfg = Debug
		{EB4F97D2-9B12-49CC-9D21-26B4959B8B00}.Release|Any CPU.ActiveCfg = Release
	EndGlobalSection
	GlobalSection(SolutionProperties) = preSolution
		HideSolutionNode = FALSE
	EndGlobalSection
	GlobalSection(ExtensibilityGlobals) = postSolution
		SolutionGuid = {0B17B2F5-389A-49BE-8485-18EA08E6B132}
	EndGlobalSection
EndGlobal
